{
  "lockfileVersion": 1,
  "workspaces": {
    "": {
      "dependencies": {
        "baseline-browser-mapping": "^2.10.33",
        "caniuse-lite": "^1.0.30001793",
      },
    },
  },
  "packages": {
    "baseline-browser-mapping": ["baseline-browser-mapping@2.10.33", "", { "bin": { "baseline-browser-mapping": "dist/cli.cjs" } }, "sha512-bA6+tcSLpz2tIEdDXZPpPTIuxBcC4+w6SieaYyfigIa4h8GlFxbA17v22Vx3JUtuZQj9SgOsnbK+aTBzyDyEuw=="],

    "caniuse-lite": ["caniuse-lite@1.0.30001793", "", {}, "sha512-iwSsYWaCOoh26cV8NwNRViHlrfUvYsHDfRVcbtmw0Kg6PJIZZXwMkj1442FYLBGkeUf1juAsU3DTfxW579mrPA=="],
  }
}
