{
  "lockfileVersion": 1,
  "workspaces": {
    "": {
      "dependencies": {
        "baseline-browser-mapping": "^2.10.33",
        "caniuse-lite": "^1.0.30001793",
      },
    },
  },
  "packages": {
    "baseline-browser-mapping": ["baseline-browser-mapping@2.11.21", "", { "bin": { "baseline-browser-mapping": "dist/cli.cjs" } }, "sha512-uh8vpY/1/YyFkunIDFH/12p7/7VdPKA1hejMVEbdkEaWnUz0Hesvx5EbiU6XxjyHZIOju+ZMbQJkRh+es3/spQ=="],

    "caniuse-lite": ["caniuse-lite@1.0.30001810", "", {}, "sha512-TITQPUkaz+aVk5GL6NhOdwk1aEaNTSDPsGFWrTuhKGtjTF70jL/Oht2W4c6rXUe5fu7Ie19VIahAXHIIiWWNeg=="],
  }
}
